
Microsoft Visual Studio Solution File, Format Version 12.00
# Visual Studio Version 17
VisualStudioVersion = 17.1.32421.90
MinimumVisualStudioVersion = 10.0.40219.1
Project("{8BC9CEB8-8B4A-11D0-8D11-00A0C91BC942}") = "Project10", "Project10\Project10.vcxproj", "{4022BDBB-DAC6-4213-A5E1-2599915C8918}"
EndProject
Global
	GlobalSection(SolutionConfigurationPlatforms) = preSolution
		Debug|x64 = Debug|x64
		Debug|x86 = Debug|x86
		Release|x64 = Release|x64
		Release|x86 = Release|x86
	EndGlobalSection
	GlobalSection(ProjectConfigurationPlatforms) = postSolution
		{4022BDBB-DAC6-4213-A5E1-2599915C8918}.Debug|x64.ActiveCfg = Debug|x64
		{4022BDBB-DAC6-4213-A5E1-2599915C8918}.Debug|x64.Build.0 = Debug|x64
		{4022BDBB-DAC6-4213-A5E1-2599915C8918}.Debug|x86.ActiveCfg = Debug|Win32
		{4022BDBB-DAC6-4213-A5E1-2599915C8918}.Debug|x86.Build.0 = Debug|Win32
		{4022BDBB-DAC6-4213-A5E1-2599915C8918}.Release|x64.ActiveCfg = Release|x64
		{4022BDBB-DAC6-4213-A5E1-2599915C8918}.Release|x64.Build.0 = Release|x64
		{4022BDBB-DAC6-4213-A5E1-2599915C8918}.Release|x86.ActiveCfg = Release|Win32
		{4022BDBB-DAC6-4213-A5E1-2599915C8918}.Release|x86.Build.0 = Release|Win32
	EndGlobalSection
	GlobalSection(SolutionProperties) = preSolution
		HideSolutionNode = FALSE
	EndGlobalSection
	GlobalSection(ExtensibilityGlobals) = postSolution
		SolutionGuid = {5016780D-7FD0-495A-AA2F-546581D6A9A9}
	EndGlobalSection
EndGlobal
